
Microsoft Visual Studio Solution File, Format Version 12.00
# Visual Studio Version 16
VisualStudioVersion = 16.0.29926.136
MinimumVisualStudioVersion = 10.0.40219.1
Project("{FAE04EC0-301F-11D3-BF4B-00C04F79EFBC}") = "TravellerMapGraphs", "TravellerMapGraphs.csproj", "{842C2E4E-1479-4675-B60C-5290AF90E480}"
EndProject
Project("{FAE04EC0-301F-11D3-BF4B-00C04F79EFBC}") = "TravellerNameGenerator", "..\TravellerNameGenerator\TravellerNameGenerator.csproj", "{056B25A7-DB66-423C-BC6E-3811B6DB80C6}"
EndProject
Project("{9A19103F-16F7-4668-BE54-9A1E7A4F7556}") = "TravellerSubsectorGenerator", "..\TravellerSubsectorGenerator\TravellerSubsectorGenerator.csproj", "{5A8386E0-D970-4FE2-AB9D-836A2C795F6E}"
EndProject
Project("{FAE04EC0-301F-11D3-BF4B-00C04F79EFBC}") = "TravellerSubsectorMap", "..\TravellerSubsectorMap\TravellerSubsectorMap.csproj", "{388BA425-C5C2-4B34-82C1-971B0B4784D3}"
EndProject
Project("{9A19103F-16F7-4668-BE54-9A1E7A4F7556}") = "TravellerDiscordBot", "..\TravellerDiscordBot\TravellerDiscordBot.csproj", "{98AE79EC-E54B-46B7-AE2D-7F307CD95262}"
EndProject
Project("{9A19103F-16F7-4668-BE54-9A1E7A4F7556}") = "TravellerFactionSystem", "..\TravellerFactionSystem\TravellerFactionSystem.csproj", "{0AE4810A-A275-4886-89CF-7619C71D00E9}"
EndProject
Project("{9A19103F-16F7-4668-BE54-9A1E7A4F7556}") = "TravellerHtmlGenerators", "..\TravellerHtmlGenerators\TravellerHtmlGenerators.csproj", "{5F6DB7EF-9C77-44E3-A8B0-A642A97E73D6}"
EndProject
Project("{FAE04EC0-301F-11D3-BF4B-00C04F79EFBC}") = "TravellerGalaxyMapDisplay", "..\TravellerGalaxyMapDisplay\TravellerGalaxyMapDisplay.csproj", "{AB75E55F-8C23-4EC6-A522-0BDE7369E74C}"
EndProject
Global
	GlobalSection(SolutionConfigurationPlatforms) = preSolution
		Debug|Any CPU = Debug|Any CPU
		Release|Any CPU = Release|Any CPU
	EndGlobalSection
	GlobalSection(ProjectConfigurationPlatforms) = postSolution
		{842C2E4E-1479-4675-B60C-5290AF90E480}.Debug|Any CPU.ActiveCfg = Debug|Any CPU
		{842C2E4E-1479-4675-B60C-5290AF90E480}.Debug|Any CPU.Build.0 = Debug|Any CPU
		{842C2E4E-1479-4675-B60C-5290AF90E480}.Release|Any CPU.ActiveCfg = Release|Any CPU
		{842C2E4E-1479-4675-B60C-5290AF90E480}.Release|Any CPU.Build.0 = Release|Any CPU
		{056B25A7-DB66-423C-BC6E-3811B6DB80C6}.Debug|Any CPU.ActiveCfg = Debug|Any CPU
		{056B25A7-DB66-423C-BC6E-3811B6DB80C6}.Debug|Any CPU.Build.0 = Debug|Any CPU
		{056B25A7-DB66-423C-BC6E-3811B6DB80C6}.Release|Any CPU.ActiveCfg = Release|Any CPU
		{056B25A7-DB66-423C-BC6E-3811B6DB80C6}.Release|Any CPU.Build.0 = Release|Any CPU
		{5A8386E0-D970-4FE2-AB9D-836A2C795F6E}.Debug|Any CPU.ActiveCfg = Debug|Any CPU
		{5A8386E0-D970-4FE2-AB9D-836A2C795F6E}.Debug|Any CPU.Build.0 = Debug|Any CPU
		{5A8386E0-D970-4FE2-AB9D-836A2C795F6E}.Release|Any CPU.ActiveCfg = Release|Any CPU
		{5A8386E0-D970-4FE2-AB9D-836A2C795F6E}.Release|Any CPU.Build.0 = Release|Any CPU
		{388BA425-C5C2-4B34-82C1-971B0B4784D3}.Debug|Any CPU.ActiveCfg = Debug|Any CPU
		{388BA425-C5C2-4B34-82C1-971B0B4784D3}.Debug|Any CPU.Build.0 = Debug|Any CPU
		{388BA425-C5C2-4B34-82C1-971B0B4784D3}.Release|Any CPU.ActiveCfg = Release|Any CPU
		{388BA425-C5C2-4B34-82C1-971B0B4784D3}.Release|Any CPU.Build.0 = Release|Any CPU
		{98AE79EC-E54B-46B7-AE2D-7F307CD95262}.Debug|Any CPU.ActiveCfg = Debug|Any CPU
		{98AE79EC-E54B-46B7-AE2D-7F307CD95262}.Debug|Any CPU.Build.0 = Debug|Any CPU
		{98AE79EC-E54B-46B7-AE2D-7F307CD95262}.Release|Any CPU.ActiveCfg = Release|Any CPU
		{98AE79EC-E54B-46B7-AE2D-7F307CD95262}.Release|Any CPU.Build.0 = Release|Any CPU
		{0AE4810A-A275-4886-89CF-7619C71D00E9}.Debug|Any CPU.ActiveCfg = Debug|Any CPU
		{0AE4810A-A275-4886-89CF-7619C71D00E9}.Debug|Any CPU.Build.0 = Debug|Any CPU
		{0AE4810A-A275-4886-89CF-7619C71D00E9}.Release|Any CPU.ActiveCfg = Release|Any CPU
		{0AE4810A-A275-4886-89CF-7619C71D00E9}.Release|Any CPU.Build.0 = Release|Any CPU
		{5F6DB7EF-9C77-44E3-A8B0-A642A97E73D6}.Debug|Any CPU.ActiveCfg = Debug|Any CPU
		{5F6DB7EF-9C77-44E3-A8B0-A642A97E73D6}.Debug|Any CPU.Build.0 = Debug|Any CPU
		{5F6DB7EF-9C77-44E3-A8B0-A642A97E73D6}.Release|Any CPU.ActiveCfg = Release|Any CPU
		{5F6DB7EF-9C77-44E3-A8B0-A642A97E73D6}.Release|Any CPU.Build.0 = Release|Any CPU
		{AB75E55F-8C23-4EC6-A522-0BDE7369E74C}.Debug|Any CPU.ActiveCfg = Debug|Any CPU
		{AB75E55F-8C23-4EC6-A522-0BDE7369E74C}.Debug|Any CPU.Build.0 = Debug|Any CPU
		{AB75E55F-8C23-4EC6-A522-0BDE7369E74C}.Release|Any CPU.ActiveCfg = Release|Any CPU
		{AB75E55F-8C23-4EC6-A522-0BDE7369E74C}.Release|Any CPU.Build.0 = Release|Any CPU
	EndGlobalSection
	GlobalSection(SolutionProperties) = preSolution
		HideSolutionNode = FALSE
	EndGlobalSection
	GlobalSection(ExtensibilityGlobals) = postSolution
		SolutionGuid = {FD49295E-5F50-468A-8EB4-C9D5C65A6BAC}
	EndGlobalSection
EndGlobal
