
Microsoft Visual Studio Solution File, Format Version 12.00
# Visual Studio Version 16
VisualStudioVersion = 16.0.29926.136
MinimumVisualStudioVersion = 10.0.40219.1
Project("{9A19103F-16F7-4668-BE54-9A1E7A4F7556}") = "TravellerSubsectorGenerator", "TravellerSubsectorGenerator.csproj", "{333F6F6C-151B-4331-A466-396A276D131F}"
EndProject
Global
	GlobalSection(SolutionConfigurationPlatforms) = preSolution
		Debug|Any CPU = Debug|Any CPU
		Release|Any CPU = Release|Any CPU
	EndGlobalSection
	GlobalSection(ProjectConfigurationPlatforms) = postSolution
		{333F6F6C-151B-4331-A466-396A276D131F}.Debug|Any CPU.ActiveCfg = Debug|Any CPU
		{333F6F6C-151B-4331-A466-396A276D131F}.Debug|Any CPU.Build.0 = Debug|Any CPU
		{333F6F6C-151B-4331-A466-396A276D131F}.Release|Any CPU.ActiveCfg = Release|Any CPU
		{333F6F6C-151B-4331-A466-396A276D131F}.Release|Any CPU.Build.0 = Release|Any CPU
	EndGlobalSection
	GlobalSection(SolutionProperties) = preSolution
		HideSolutionNode = FALSE
	EndGlobalSection
	GlobalSection(ExtensibilityGlobals) = postSolution
		SolutionGuid = {7157CBDD-94B9-4CE2-B822-71A6ED1D7BB5}
	EndGlobalSection
EndGlobal
